
Microsoft Visual Studio Solution File, Format Version 12.00
# Visual Studio Version 16
VisualStudioVersion = 16.0.35229.62
MinimumVisualStudioVersion = 10.0.40219.1
Project("{8BC9CEB8-8B4A-11D0-8D11-00A0C91BC942}") = "DLL_Compiler", "DLL_Compiler.vcxproj", "{856577CC-160E-48A6-97A5-6C3D7462A2AA}"
EndProject
Global
	GlobalSection(SolutionConfigurationPlatforms) = preSolution
		Debug|x64 = Debug|x64
		Debug|x86 = Debug|x86
		Release|x64 = Release|x64
		Release|x86 = Release|x86
	EndGlobalSection
	GlobalSection(ProjectConfigurationPlatforms) = postSolution
		{856577CC-160E-48A6-97A5-6C3D7462A2AA}.Debug|x64.ActiveCfg = Debug|x64
		{856577CC-160E-48A6-97A5-6C3D7462A2AA}.Debug|x64.Build.0 = Debug|x64
		{856577CC-160E-48A6-97A5-6C3D7462A2AA}.Debug|x86.ActiveCfg = Debug|Win32
		{856577CC-160E-48A6-97A5-6C3D7462A2AA}.Debug|x86.Build.0 = Debug|Win32
		{856577CC-160E-48A6-97A5-6C3D7462A2AA}.Release|x64.ActiveCfg = Release|x64
		{856577CC-160E-48A6-97A5-6C3D7462A2AA}.Release|x64.Build.0 = Release|x64
		{856577CC-160E-48A6-97A5-6C3D7462A2AA}.Release|x86.ActiveCfg = Release|Win32
		{856577CC-160E-48A6-97A5-6C3D7462A2AA}.Release|x86.Build.0 = Release|Win32
	EndGlobalSection
	GlobalSection(SolutionProperties) = preSolution
		HideSolutionNode = FALSE
	EndGlobalSection
	GlobalSection(ExtensibilityGlobals) = postSolution
		SolutionGuid = {6276823D-E4B4-49E3-8426-FCE651958C37}
	EndGlobalSection
EndGlobal
